
Microsoft Visual Studio Solution File, Format Version 12.00
# Visual Studio Version 17
VisualStudioVersion = 17.3.32825.248
MinimumVisualStudioVersion = 10.0.40219.1
Project("{FAE04EC0-301F-11D3-BF4B-00C04F79EFBC}") = "Hiba_A3", "Hiba_A3\Hiba_A3.csproj", "{266FE19C-6C90-465C-B089-4664416C1BA9}"
EndProject
Global
	GlobalSection(SolutionConfigurationPlatforms) = preSolution
		Debug|Any CPU = Debug|Any CPU
		Release|Any CPU = Release|Any CPU
	EndGlobalSection
	GlobalSection(ProjectConfigurationPlatforms) = postSolution
		{266FE19C-6C90-465C-B089-4664416C1BA9}.Debug|Any CPU.ActiveCfg = Debug|Any CPU
		{266FE19C-6C90-465C-B089-4664416C1BA9}.Debug|Any CPU.Build.0 = Debug|Any CPU
		{266FE19C-6C90-465C-B089-4664416C1BA9}.Release|Any CPU.ActiveCfg = Release|Any CPU
		{266FE19C-6C90-465C-B089-4664416C1BA9}.Release|Any CPU.Build.0 = Release|Any CPU
	EndGlobalSection
	GlobalSection(SolutionProperties) = preSolution
		HideSolutionNode = FALSE
	EndGlobalSection
	GlobalSection(ExtensibilityGlobals) = postSolution
		SolutionGuid = {DE34FC6B-43B8-4FC4-A84A-FEE92B2D83F5}
	EndGlobalSection
EndGlobal
